// !$*UTF8*$!
{
	archiveVersion = 1;
	classes = {
	};
	objectVersion = 50;
	objects = {

/* Begin PBXBuildFile section */
		6CEA83CE21884B2100FA5DFF /* AppDelegate.swift in Sources */ = {isa = PBXBuildFile; fileRef = 6CEA83CD21884B2100FA5DFF /* AppDelegate.swift */; };
		6CEA83D021884B2100FA5DFF /* ViewController.swift in Sources */ = {isa = PBXBuildFile; fileRef = 6CEA83CF21884B2100FA5DFF /* ViewController.swift */; };
		6CEA83D321884B2100FA5DFF /* Main.storyboard in Resources */ = {isa = PBXBuildFile; fileRef = 6CEA83D121884B2100FA5DFF /* Main.storyboard */; };
		6CEA83D521884B2200FA5DFF /* Assets.xcassets in Resources */ = {isa = PBXBuildFile; fileRef = 6CEA83D421884B2200FA5DFF /* Assets.xcassets */; };
		6CEA83D821884B2200FA5DFF /* LaunchScreen.storyboard in Resources */ = {isa = PBXBuildFile; fileRef = 6CEA83D621884B2200FA5DFF /* LaunchScreen.storyboard */; };
/* End PBXBuildFile section */

/* Begin PBXFileReference section */
		6CEA83CA21884B2100FA5DFF /* Bug.IgnoreSmartInvert.app */ = {isa = PBXFileReference; explicitFileType = wrapper.application; includeInIndex = 0; path = Bug.IgnoreSmartInvert.app; sourceTree = BUILT_PRODUCTS_DIR; };
		6CEA83CD21884B2100FA5DFF /* AppDelegate.swift */ = {isa = PBXFileReference; lastKnownFileType = sourcecode.swift; path = AppDelegate.swift; sourceTree = "<group>"; };
		6CEA83CF21884B2100FA5DFF /* ViewController.swift */ = {isa = PBXFileReference; lastKnownFileType = sourcecode.swift; path = ViewController.swift; sourceTree = "<group>"; };
		6CEA83D221884B2100FA5DFF /* Base */ = {isa = PBXFileReference; lastKnownFileType = file.storyboard; name = Base; path = Base.lproj/Main.storyboard; sourceTree = "<group>"; };
		6CEA83D421884B2200FA5DFF /* Assets.xcassets */ = {isa = PBXFileReference; lastKnownFileType = folder.assetcatalog; path = Assets.xcassets; sourceTree = "<group>"; };
		6CEA83D721884B2200FA5DFF /* Base */ = {isa = PBXFileReference; lastKnownFileType = file.storyboard; name = Base; path = Base.lproj/LaunchScreen.storyboard; sourceTree = "<group>"; };
		6CEA83D921884B2200FA5DFF /* Info.plist */ = {isa = PBXFileReference; lastKnownFileType = text.plist.xml; path = Info.plist; sourceTree = "<group>"; };
/* End PBXFileReference section */

/* Begin PBXFrameworksBuildPhase section */
		6CEA83C721884B2100FA5DFF /* Frameworks */ = {
			isa = PBXFrameworksBuildPhase;
			buildActionMask = 2147483647;
			files = (
			);
			runOnlyForDeploymentPostprocessing = 0;
		};
/* End PBXFrameworksBuildPhase section */

/* Begin PBXGroup section */
		6CEA83C121884B2100FA5DFF = {
			isa = PBXGroup;
			children = (
				6CEA83CC21884B2100FA5DFF /* Bug.IgnoreSmartInvert */,
				6CEA83CB21884B2100FA5DFF /* Products */,
			);
			sourceTree = "<group>";
		};
		6CEA83CB21884B2100FA5DFF /* Products */ = {
			isa = PBXGroup;
			children = (
				6CEA83CA21884B2100FA5DFF /* Bug.IgnoreSmartInvert.app */,
			);
			name = Products;
			sourceTree = "<group>";
		};
		6CEA83CC21884B2100FA5DFF /* Bug.IgnoreSmartInvert */ = {
			isa = PBXGroup;
			children = (
				6CEA83CD21884B2100FA5DFF /* AppDelegate.swift */,
				6CEA83CF21884B2100FA5DFF /* ViewController.swift */,
				6CEA83D121884B2100FA5DFF /* Main.storyboard */,
				6CEA83D421884B2200FA5DFF /* Assets.xcassets */,
				6CEA83D621884B2200FA5DFF /* LaunchScreen.storyboard */,
				6CEA83D921884B2200FA5DFF /* Info.plist */,
			);
			path = Bug.IgnoreSmartInvert;
			sourceTree = "<group>";
		};
/* End PBXGroup section */

/* Begin PBXNativeTarget section */
		6CEA83C921884B2100FA5DFF /* Bug.IgnoreSmartInvert */ = {
			isa = PBXNativeTarget;
			buildConfigurationList = 6CEA83DC21884B2200FA5DFF /* Build configuration list for PBXNativeTarget "Bug.IgnoreSmartInvert" */;
			buildPhases = (
				6CEA83C621884B2100FA5DFF /* Sources */,
				6CEA83C721884B2100FA5DFF /* Frameworks */,
				6CEA83C821884B2100FA5DFF /* Resources */,
			);
			buildRules = (
			);
			dependencies = (
			);
			name = Bug.IgnoreSmartInvert;
			productName = Bug.IgnoreSmartInvert;
			productReference = 6CEA83CA21884B2100FA5DFF /* Bug.IgnoreSmartInvert.app */;
			productType = "com.apple.product-type.application";
		};
/* End PBXNativeTarget section */

/* Begin PBXProject section */
		6CEA83C221884B2100FA5DFF /* Project object */ = {
			isa = PBXProject;
			attributes = {
				LastSwiftUpdateCheck = 1000;
				LastUpgradeCheck = 1000;
				ORGANIZATIONNAME = "Elaborapp Co., Ltd.";
				TargetAttributes = {
					6CEA83C921884B2100FA5DFF = {
						CreatedOnToolsVersion = 10.0;
					};
				};
			};
			buildConfigurationList = 6CEA83C521884B2100FA5DFF /* Build configuration list for PBXProject "Bug.IgnoreSmartInvert" */;
			compatibilityVersion = "Xcode 9.3";
			developmentRegion = en;
			hasScannedForEncodings = 0;
			knownRegions = (
				en,
				Base,
			);
			mainGroup = 6CEA83C121884B2100FA5DFF;
			productRefGroup = 6CEA83CB21884B2100FA5DFF /* Products */;
			projectDirPath = "";
			projectRoot = "";
			targets = (
				6CEA83C921884B2100FA5DFF /* Bug.IgnoreSmartInvert */,
			);
		};
/* End PBXProject section */

/* Begin PBXResourcesBuildPhase section */
		6CEA83C821884B2100FA5DFF /* Resources */ = {
			isa = PBXResourcesBuildPhase;
			buildActionMask = 2147483647;
			files = (
				6CEA83D821884B2200FA5DFF /* LaunchScreen.storyboard in Resources */,
				6CEA83D521884B2200FA5DFF /* Assets.xcassets in Resources */,
				6CEA83D321884B2100FA5DFF /* Main.storyboard in Resources */,
			);
			runOnlyForDeploymentPostprocessing = 0;
		};
/* End PBXResourcesBuildPhase section */

/* Begin PBXSourcesBuildPhase section */
		6CEA83C621884B2100FA5DFF /* Sources */ = {
			isa = PBXSourcesBuildPhase;
			buildActionMask = 2147483647;
			files = (
				6CEA83D021884B2100FA5DFF /* ViewController.swift in Sources */,
				6CEA83CE21884B2100FA5DFF /* AppDelegate.swift in Sources */,
			);
			runOnlyForDeploymentPostprocessing = 0;
		};
/* End PBXSourcesBuildPhase section */

/* Begin PBXVariantGroup section */
		6CEA83D121884B2100FA5DFF /* Main.storyboard */ = {
			isa = PBXVariantGroup;
			children = (
				6CEA83D221884B2100FA5DFF /* Base */,
			);
			name = Main.storyboard;
			sourceTree = "<group>";
		};
		6CEA83D621884B2200FA5DFF /* LaunchScreen.storyboard */ = {
			isa = PBXVariantGroup;
			children = (
				6CEA83D721884B2200FA5DFF /* Base */,
			);
			name = LaunchScreen.storyboard;
			sourceTree = "<group>";
		};
/* End PBXVariantGroup section */

/* Begin XCBuildConfiguration section */
		6CEA83DA21884B2200FA5DFF /* Debug */ = {
			isa = XCBuildConfiguration;
			buildSettings = {
				ALWAYS_SEARCH_USER_PATHS = NO;
				CLANG_ANALYZER_NONNULL = YES;
				CLANG_ANALYZER_NUMBER_OBJECT_CONVERSION = YES_AGGRESSIVE;
				CLANG_CXX_LANGUAGE_STANDARD = "gnu++14";
				CLANG_CXX_LIBRARY = "libc++";
				CLANG_ENABLE_MODULES = YES;
				CLANG_ENABLE_OBJC_ARC = YES;
				CLANG_ENABLE_OBJC_WEAK = YES;
				CLANG_WARN_BLOCK_CAPTURE_AUTORELEASING = YES;
				CLANG_WARN_BOOL_CONVERSION = YES;
				CLANG_WARN_COMMA = YES;
				CLANG_WARN_CONSTANT_CONVERSION = YES;
				CLANG_WARN_DEPRECATED_OBJC_IMPLEMENTATIONS = YES;
				CLANG_WARN_DIRECT_OBJC_ISA_USAGE = YES_ERROR;
				CLANG_WARN_DOCUMENTATION_COMMENTS = YES;
				CLANG_WARN_EMPTY_BODY = YES;
				CLANG_WARN_ENUM_CONVERSION = YES;
				CLANG_WARN_INFINITE_RECURSION = YES;
				CLANG_WARN_INT_CONVERSION = YES;
				CLANG_WARN_NON_LITERAL_NULL_CONVERSION = YES;
				CLANG_WARN_OBJC_IMPLICIT_RETAIN_SELF = YES;
				CLANG_WARN_OBJC_LITERAL_CONVERSION = YES;
				CLANG_WARN_OBJC_ROOT_CLASS = YES_ERROR;
				CLANG_WARN_RANGE_LOOP_ANALYSIS = YES;
				CLANG_WARN_STRICT_PROTOTYPES = YES;
				CLANG_WARN_SUSPICIOUS_MOVE = YES;
				CLANG_WARN_UNGUARDED_AVAILABILITY = YES_AGGRESSIVE;
				CLANG_WARN_UNREACHABLE_CODE = YES;
				CLANG_WARN__DUPLICATE_METHOD_MATCH = YES;
				CODE_SIGN_IDENTITY = "iPhone Developer";
				COPY_PHASE_STRIP = NO;
				DEBUG_INFORMATION_FORMAT = dwarf;
				ENABLE_STRICT_OBJC_MSGSEND = YES;
				ENABLE_TESTABILITY = YES;
				GCC_C_LANGUAGE_STANDARD = gnu11;
				GCC_DYNAMIC_NO_PIC = NO;
				GCC_NO_COMMON_BLOCKS = YES;
				GCC_OPTIMIZATION_LEVEL = 0;
				GCC_PREPROCESSOR_DEFINITIONS = (
					"DEBUG=1",
					"$(inherited)",
				);
				GCC_WARN_64_TO_32_BIT_CONVERSION = YES;
				GCC_WARN_ABOUT_RETURN_TYPE = YES_ERROR;
				GCC_WARN_UNDECLARED_SELECTOR = YES;
				GCC_WARN_UNINITIALIZED_AUTOS = YES_AGGRESSIVE;
				GCC_WARN_UNUSED_FUNCTION = YES;
				GCC_WARN_UNUSED_VARIABLE = YES;
				IPHONEOS_DEPLOYMENT_TARGET = 12.0;
				MTL_ENABLE_DEBUG_INFO = INCLUDE_SOURCE;
				MTL_FAST_MATH = YES;
				ONLY_ACTIVE_ARCH = YES;
				SDKROOT = iphoneos;
				SWIFT_ACTIVE_COMPILATION_CONDITIONS = DEBUG;
				SWIFT_OPTIMIZATION_LEVEL = "-Onone";
			};
			name = Debug;
		};
		6CEA83DB21884B2200FA5DFF /* Release */ = {
			isa = XCBuildConfiguration;
			buildSettings = {
				ALWAYS_SEARCH_USER_PATHS = NO;
				CLANG_ANALYZER_NONNULL = YES;
				CLANG_ANALYZER_NUMBER_OBJECT_CONVERSION = YES_AGGRESSIVE;
				CLANG_CXX_LANGUAGE_STANDARD = "gnu++14";
				CLANG_CXX_LIBRARY = "libc++";
				CLANG_ENABLE_MODULES = YES;
				CLANG_ENABLE_OBJC_ARC = YES;
				CLANG_ENABLE_OBJC_WEAK = YES;
				CLANG_WARN_BLOCK_CAPTURE_AUTORELEASING = YES;
				CLANG_WARN_BOOL_CONVERSION = YES;
				CLANG_WARN_COMMA = YES;
				CLANG_WARN_CONSTANT_CONVERSION = YES;
				CLANG_WARN_DEPRECATED_OBJC_IMPLEMENTATIONS = YES;
				CLANG_WARN_DIRECT_OBJC_ISA_USAGE = YES_ERROR;
				CLANG_WARN_DOCUMENTATION_COMMENTS = YES;
				CLANG_WARN_EMPTY_BODY = YES;
				CLANG_WARN_ENUM_CONVERSION = YES;
				CLANG_WARN_INFINITE_RECURSION = YES;
				CLANG_WARN_INT_CONVERSION = YES;
				CLANG_WARN_NON_LITERAL_NULL_CONVERSION = YES;
				CLANG_WARN_OBJC_IMPLICIT_RETAIN_SELF = YES;
				CLANG_WARN_OBJC_LITERAL_CONVERSION = YES;
				CLANG_WARN_OBJC_ROOT_CLASS = YES_ERROR;
				CLANG_WARN_RANGE_LOOP_ANALYSIS = YES;
				CLANG_WARN_STRICT_PROTOTYPES = YES;
				CLANG_WARN_SUSPICIOUS_MOVE = YES;
				CLANG_WARN_UNGUARDED_AVAILABILITY = YES_AGGRESSIVE;
				CLANG_WARN_UNREACHABLE_CODE = YES;
				CLANG_WARN__DUPLICATE_METHOD_MATCH = YES;
				CODE_SIGN_IDENTITY = "iPhone Developer";
				COPY_PHASE_STRIP = NO;
				DEBUG_INFORMATION_FORMAT = "dwarf-with-dsym";
				ENABLE_NS_ASSERTIONS = NO;
				ENABLE_STRICT_OBJC_MSGSEND = YES;
				GCC_C_LANGUAGE_STANDARD = gnu11;
				GCC_NO_COMMON_BLOCKS = YES;
				GCC_WARN_64_TO_32_BIT_CONVERSION = YES;
				GCC_WARN_ABOUT_RETURN_TYPE = YES_ERROR;
				GCC_WARN_UNDECLARED_SELECTOR = YES;
				GCC_WARN_UNINITIALIZED_AUTOS = YES_AGGRESSIVE;
				GCC_WARN_UNUSED_FUNCTION = YES;
				GCC_WARN_UNUSED_VARIABLE = YES;
				IPHONEOS_DEPLOYMENT_TARGET = 12.0;
				MTL_ENABLE_DEBUG_INFO = NO;
				MTL_FAST_MATH = YES;
				SDKROOT = iphoneos;
				SWIFT_COMPILATION_MODE = wholemodule;
				SWIFT_OPTIMIZATION_LEVEL = "-O";
				VALIDATE_PRODUCT = YES;
			};
			name = Release;
		};
		6CEA83DD21884B2200FA5DFF /* Debug */ = {
			isa = XCBuildConfiguration;
			buildSettings = {
				ASSETCATALOG_COMPILER_APPICON_NAME = AppIcon;
				CODE_SIGN_STYLE = Automatic;
				DEVELOPMENT_TEAM = SE9N6X5V7C;
				INFOPLIST_FILE = Bug.IgnoreSmartInvert/Info.plist;
				LD_RUNPATH_SEARCH_PATHS = (
					"$(inherited)",
					"@executable_path/Frameworks",
				);
				PRODUCT_BUNDLE_IDENTIFIER = "com.elaborapp.Bug-IgnoreSmartInvert";
				PRODUCT_NAME = "$(TARGET_NAME)";
				SWIFT_VERSION = 4.2;
				TARGETED_DEVICE_FAMILY = "1,2";
			};
			name = Debug;
		};
		6CEA83DE21884B2200FA5DFF /* Release */ = {
			isa = XCBuildConfiguration;
			buildSettings = {
				ASSETCATALOG_COMPILER_APPICON_NAME = AppIcon;
				CODE_SIGN_STYLE = Automatic;
				DEVELOPMENT_TEAM = SE9N6X5V7C;
				INFOPLIST_FILE = Bug.IgnoreSmartInvert/Info.plist;
				LD_RUNPATH_SEARCH_PATHS = (
					"$(inherited)",
					"@executable_path/Frameworks",
				);
				PRODUCT_BUNDLE_IDENTIFIER = "com.elaborapp.Bug-IgnoreSmartInvert";
				PRODUCT_NAME = "$(TARGET_NAME)";
				SWIFT_VERSION = 4.2;
				TARGETED_DEVICE_FAMILY = "1,2";
			};
			name = Release;
		};
/* End XCBuildConfiguration section */

/* Begin XCConfigurationList section */
		6CEA83C521884B2100FA5DFF /* Build configuration list for PBXProject "Bug.IgnoreSmartInvert" */ = {
			isa = XCConfigurationList;
			buildConfigurations = (
				6CEA83DA21884B2200FA5DFF /* Debug */,
				6CEA83DB21884B2200FA5DFF /* Release */,
			);
			defaultConfigurationIsVisible = 0;
			defaultConfigurationName = Release;
		};
		6CEA83DC21884B2200FA5DFF /* Build configuration list for PBXNativeTarget "Bug.IgnoreSmartInvert" */ = {
			isa = XCConfigurationList;
			buildConfigurations = (
				6CEA83DD21884B2200FA5DFF /* Debug */,
				6CEA83DE21884B2200FA5DFF /* Release */,
			);
			defaultConfigurationIsVisible = 0;
			defaultConfigurationName = Release;
		};
/* End XCConfigurationList section */
	};
	rootObject = 6CEA83C221884B2100FA5DFF /* Project object */;
}
